{
  "lockfile_version": "1",
  "packages": {
    "github:NixOS/nixpkgs/nixpkgs-unstable": {
      "last_modified": "2026-01-20T02:11:35Z",
      "resolved": "github:NixOS/nixpkgs/ed142ab1b3a092c4d149245d0c4126a5d7ea00b0?lastModified=1768875095&narHash=sha256-dYP3DjiL7oIiiq3H65tGIXXIT1Waiadmv93JS0sS%2B8A%3D"
    },
    "go@latest": {
      "last_modified": "2026-02-11T12:16:34Z",
      "resolved": "github:NixOS/nixpkgs/8482c7ded03bae7550f3d69884f1e611e3bd19e8#go_1_26",
      "source": "devbox-search",
      "version": "1.26.0",
      "systems": {
        "aarch64-darwin": {
          "outputs": [
            {
              "name": "out",
              "path": "/nix/store/sz1ry9vf187bzdvsalla73ycxwfjv3pq-go-1.26.0",
              "default": true
            }
          ],
          "store_path": "/nix/store/sz1ry9vf187bzdvsalla73ycxwfjv3pq-go-1.26.0"
        },
        "aarch64-linux": {
          "outputs": [
            {
              "name": "out",
              "path": "/nix/store/1wl6q7df9z3p8gambi2ndp5s5igr4h61-go-1.26.0",
              "default": true
            }
          ],
          "store_path": "/nix/store/1wl6q7df9z3p8gambi2ndp5s5igr4h61-go-1.26.0"
        },
        "x86_64-darwin": {
          "outputs": [
            {
              "name": "out",
              "path": "/nix/store/r5bwcb31acswg4nirdblmz1zzkci6bj3-go-1.26.0",
              "default": true
            }
          ],
          "store_path": "/nix/store/r5bwcb31acswg4nirdblmz1zzkci6bj3-go-1.26.0"
        },
        "x86_64-linux": {
          "outputs": [
            {
              "name": "out",
              "path": "/nix/store/kgwkx0l54snkkgzbmg8cw89i1g8v1dqw-go-1.26.0",
              "default": true
            }
          ],
          "store_path": "/nix/store/kgwkx0l54snkkgzbmg8cw89i1g8v1dqw-go-1.26.0"
        }
      }
    },
    "golangci-lint@latest": {
      "last_modified": "2026-01-09T13:41:53Z",
      "resolved": "github:NixOS/nixpkgs/5f02c91314c8ba4afe83b256b023756412218535#golangci-lint",
      "source": "devbox-search",
      "version": "2.8.0",
      "systems": {
        "aarch64-darwin": {
          "outputs": [
            {
              "name": "out",
              "path": "/nix/store/b9iv68qcms160wlni9xn56s81cvqksgf-golangci-lint-2.8.0",
              "default": true
            }
          ],
          "store_path": "/nix/store/b9iv68qcms160wlni9xn56s81cvqksgf-golangci-lint-2.8.0"
        },
        "aarch64-linux": {
          "outputs": [
            {
              "name": "out",
              "path": "/nix/store/1yzy8ajvs3wj009j7al87hm6n0zwjd40-golangci-lint-2.8.0",
              "default": true
            }
          ],
          "store_path": "/nix/store/1yzy8ajvs3wj009j7al87hm6n0zwjd40-golangci-lint-2.8.0"
        },
        "x86_64-darwin": {
          "outputs": [
            {
              "name": "out",
              "path": "/nix/store/k17d2y5alkdd3p03haik3a3ksfaxh1fj-golangci-lint-2.8.0",
              "default": true
            }
          ],
          "store_path": "/nix/store/k17d2y5alkdd3p03haik3a3ksfaxh1fj-golangci-lint-2.8.0"
        },
        "x86_64-linux": {
          "outputs": [
            {
              "name": "out",
              "path": "/nix/store/643gpb6qyxjl9lcrfr8gvfck2rj9zabd-golangci-lint-2.8.0",
              "default": true
            }
          ],
          "store_path": "/nix/store/643gpb6qyxjl9lcrfr8gvfck2rj9zabd-golangci-lint-2.8.0"
        }
      }
    },
    "goreleaser@latest": {
      "last_modified": "2026-01-11T16:44:50Z",
      "resolved": "github:NixOS/nixpkgs/4d113fe1f7bb454435a5cabae6cd283e64191bb7#goreleaser",
      "source": "devbox-search",
      "version": "2.13.2",
      "systems": {
        "aarch64-darwin": {
          "outputs": [
            {
              "name": "out",
              "path": "/nix/store/zkx9v9ji3lhvc7izhzwdg1gqv58f9qh5-goreleaser-2.13.2",
              "default": true
            }
          ],
          "store_path": "/nix/store/zkx9v9ji3lhvc7izhzwdg1gqv58f9qh5-goreleaser-2.13.2"
        },
        "aarch64-linux": {
          "outputs": [
            {
              "name": "out",
              "path": "/nix/store/hz2a2jjygwphii1x4lgcp09jwsczk036-goreleaser-2.13.2",
              "default": true
            }
          ],
          "store_path": "/nix/store/hz2a2jjygwphii1x4lgcp09jwsczk036-goreleaser-2.13.2"
        },
        "x86_64-darwin": {
          "outputs": [
            {
              "name": "out",
              "path": "/nix/store/vaccln1x2bw95yq44q7kmj86b1xsbhgj-goreleaser-2.13.2",
              "default": true
            }
          ],
          "store_path": "/nix/store/vaccln1x2bw95yq44q7kmj86b1xsbhgj-goreleaser-2.13.2"
        },
        "x86_64-linux": {
          "outputs": [
            {
              "name": "out",
              "path": "/nix/store/6q7qdg9wpa41sv3r28mp7a7ag448ffz0-goreleaser-2.13.2",
              "default": true
            }
          ],
          "store_path": "/nix/store/6q7qdg9wpa41sv3r28mp7a7ag448ffz0-goreleaser-2.13.2"
        }
      }
    },
    "uv@latest": {
      "last_modified": "2026-02-06T12:24:04Z",
      "resolved": "github:NixOS/nixpkgs/ae67888ff7ef9dff69b3cf0cc0fbfbcd3a722abe#uv",
      "source": "devbox-search",
      "version": "0.9.30",
      "systems": {
        "aarch64-darwin": {
          "outputs": [
            {
              "name": "out",
              "path": "/nix/store/nbfljnh83rajlxq6c67h7x4z6j684sm1-uv-0.9.30",
              "default": true
            }
          ],
          "store_path": "/nix/store/nbfljnh83rajlxq6c67h7x4z6j684sm1-uv-0.9.30"
        },
        "aarch64-linux": {
          "outputs": [
            {
              "name": "out",
              "path": "/nix/store/6mms7wdm4idyii2cxnsv9w58krq5jmzl-uv-0.9.30",
              "default": true
            }
          ],
          "store_path": "/nix/store/6mms7wdm4idyii2cxnsv9w58krq5jmzl-uv-0.9.30"
        },
        "x86_64-darwin": {
          "outputs": [
            {
              "name": "out",
              "path": "/nix/store/8d9yfpn4vabzi19mf38kqrfj2173r8v7-uv-0.9.30",
              "default": true
            }
          ],
          "store_path": "/nix/store/8d9yfpn4vabzi19mf38kqrfj2173r8v7-uv-0.9.30"
        },
        "x86_64-linux": {
          "outputs": [
            {
              "name": "out",
              "path": "/nix/store/4lz53nhbgq90zns1a9anmhaxsz2bhqxs-uv-0.9.30",
              "default": true
            }
          ],
          "store_path": "/nix/store/4lz53nhbgq90zns1a9anmhaxsz2bhqxs-uv-0.9.30"
        }
      }
    }
  }
}
